
Microsoft Visual Studio Solution File, Format Version 12.00
# Visual Studio Version 17
VisualStudioVersion = 17.3.32825.248
MinimumVisualStudioVersion = 10.0.40219.1
Project("{FAE04EC0-301F-11D3-BF4B-00C04F79EFBC}") = "METHOD 5", "METHOD 5\METHOD 5.csproj", "{AABE8D63-5896-4825-8A18-ED06CCC7FCE8}"
EndProject
Global
	GlobalSection(SolutionConfigurationPlatforms) = preSolution
		Debug|Any CPU = Debug|Any CPU
		Release|Any CPU = Release|Any CPU
	EndGlobalSection
	GlobalSection(ProjectConfigurationPlatforms) = postSolution
		{AABE8D63-5896-4825-8A18-ED06CCC7FCE8}.Debug|Any CPU.ActiveCfg = Debug|Any CPU
		{AABE8D63-5896-4825-8A18-ED06CCC7FCE8}.Debug|Any CPU.Build.0 = Debug|Any CPU
		{AABE8D63-5896-4825-8A18-ED06CCC7FCE8}.Release|Any CPU.ActiveCfg = Release|Any CPU
		{AABE8D63-5896-4825-8A18-ED06CCC7FCE8}.Release|Any CPU.Build.0 = Release|Any CPU
	EndGlobalSection
	GlobalSection(SolutionProperties) = preSolution
		HideSolutionNode = FALSE
	EndGlobalSection
	GlobalSection(ExtensibilityGlobals) = postSolution
		SolutionGuid = {FC168A00-4260-4F8B-B9A3-B8897CF8B078}
	EndGlobalSection
EndGlobal
